
Microsoft Visual Studio Solution File, Format Version 12.00
# Visual Studio Version 17
VisualStudioVersion = 17.8.34330.188
MinimumVisualStudioVersion = 10.0.40219.1
Project("{FAE04EC0-301F-11D3-BF4B-00C04F79EFBC}") = "DockerAPI", "DockerAPI\DockerAPI.csproj", "{039AB136-889B-4AF1-854B-29EF89A4AE6F}"
EndProject
Global
	GlobalSection(SolutionConfigurationPlatforms) = preSolution
		Debug|Any CPU = Debug|Any CPU
		Release|Any CPU = Release|Any CPU
	EndGlobalSection
	GlobalSection(ProjectConfigurationPlatforms) = postSolution
		{039AB136-889B-4AF1-854B-29EF89A4AE6F}.Debug|Any CPU.ActiveCfg = Debug|Any CPU
		{039AB136-889B-4AF1-854B-29EF89A4AE6F}.Debug|Any CPU.Build.0 = Debug|Any CPU
		{039AB136-889B-4AF1-854B-29EF89A4AE6F}.Release|Any CPU.ActiveCfg = Release|Any CPU
		{039AB136-889B-4AF1-854B-29EF89A4AE6F}.Release|Any CPU.Build.0 = Release|Any CPU
	EndGlobalSection
	GlobalSection(SolutionProperties) = preSolution
		HideSolutionNode = FALSE
	EndGlobalSection
	GlobalSection(ExtensibilityGlobals) = postSolution
		SolutionGuid = {F8446C90-5D57-4FBF-9057-224527E40DAA}
	EndGlobalSection
EndGlobal
